
Microsoft Visual Studio Solution File, Format Version 11.00
# Visual C# Express 2010
Project("{FAE04EC0-301F-11D3-BF4B-00C04F79EFBC}") = "Proyecto_cliente", "Proyecto_cliente\Proyecto_cliente.csproj", "{CDE69C37-F89A-47F3-9717-F37A9C10590B}"
EndProject
Global
	GlobalSection(SolutionConfigurationPlatforms) = preSolution
		Debug|x86 = Debug|x86
		Release|x86 = Release|x86
	EndGlobalSection
	GlobalSection(ProjectConfigurationPlatforms) = postSolution
		{CDE69C37-F89A-47F3-9717-F37A9C10590B}.Debug|x86.ActiveCfg = Debug|x86
		{CDE69C37-F89A-47F3-9717-F37A9C10590B}.Debug|x86.Build.0 = Debug|x86
		{CDE69C37-F89A-47F3-9717-F37A9C10590B}.Release|x86.ActiveCfg = Release|x86
		{CDE69C37-F89A-47F3-9717-F37A9C10590B}.Release|x86.Build.0 = Release|x86
	EndGlobalSection
	GlobalSection(SolutionProperties) = preSolution
		HideSolutionNode = FALSE
	EndGlobalSection
EndGlobal
